
Microsoft Visual Studio Solution File, Format Version 12.00
# TcXaeShell Solution File, Format Version 11.00
VisualStudioVersion = 15.0.34829.251
MinimumVisualStudioVersion = 10.0.40219.1
Project("{2150E333-8FDC-42A3-9474-1A3956D46DE8}") = "Solution Items", "Solution Items", "{73B71CA6-5217-4C6F-94B7-5A01C6CBCD3F}"
	ProjectSection(SolutionItems) = preProject
		demo.txt = demo.txt
		readme.txt = readme.txt
	EndProjectSection
EndProject
Global
	GlobalSection(SolutionProperties) = preSolution
		HideSolutionNode = FALSE
	EndGlobalSection
	GlobalSection(ExtensibilityGlobals) = postSolution
		SolutionGuid = {569CD4AD-796C-4AEA-ACFE-E01EB5B4F4BA}
	EndGlobalSection
EndGlobal
